
Microsoft Visual Studio Solution File, Format Version 12.00
# Visual Studio Version 16
VisualStudioVersion = 16.0.30320.27
MinimumVisualStudioVersion = 10.0.40219.1
Project("{9A19103F-16F7-4668-BE54-9A1E7A4F7556}") = "UnitTests", "UnitTests\UnitTests.csproj", "{3862ED60-9A40-44B2-AD96-A3F07FFBE19E}"
EndProject
Project("{FAE04EC0-301F-11D3-BF4B-00C04F79EFBC}") = "BRamMachine", "BRamMachine\BRamMachine.csproj", "{E31F2E0B-6BBD-4A56-A66F-BD1F0D5FA7A3}"
EndProject
Global
	GlobalSection(SolutionConfigurationPlatforms) = preSolution
		Debug|Any CPU = Debug|Any CPU
		Release|Any CPU = Release|Any CPU
	EndGlobalSection
	GlobalSection(ProjectConfigurationPlatforms) = postSolution
		{3862ED60-9A40-44B2-AD96-A3F07FFBE19E}.Debug|Any CPU.ActiveCfg = Debug|Any CPU
		{3862ED60-9A40-44B2-AD96-A3F07FFBE19E}.Debug|Any CPU.Build.0 = Debug|Any CPU
		{3862ED60-9A40-44B2-AD96-A3F07FFBE19E}.Release|Any CPU.ActiveCfg = Release|Any CPU
		{3862ED60-9A40-44B2-AD96-A3F07FFBE19E}.Release|Any CPU.Build.0 = Release|Any CPU
		{E31F2E0B-6BBD-4A56-A66F-BD1F0D5FA7A3}.Debug|Any CPU.ActiveCfg = Debug|Any CPU
		{E31F2E0B-6BBD-4A56-A66F-BD1F0D5FA7A3}.Debug|Any CPU.Build.0 = Debug|Any CPU
		{E31F2E0B-6BBD-4A56-A66F-BD1F0D5FA7A3}.Release|Any CPU.ActiveCfg = Release|Any CPU
		{E31F2E0B-6BBD-4A56-A66F-BD1F0D5FA7A3}.Release|Any CPU.Build.0 = Release|Any CPU
	EndGlobalSection
	GlobalSection(SolutionProperties) = preSolution
		HideSolutionNode = FALSE
	EndGlobalSection
	GlobalSection(ExtensibilityGlobals) = postSolution
		SolutionGuid = {DE6BC6D4-90F5-42DA-8DCA-460058CE8EB1}
	EndGlobalSection
EndGlobal
